{
  "version": 4,
  "terraform_version": "0.12.17",
  "serial": 42,
  "lineage": "67f0ead3-9fb8-8fbc-1664-54361f8ba4ce",
  "outputs": {
    "cf-distribution": {
      "value": "E29LGWJ8UMLO3P",
      "type": "string"
    }
  },
  "resources": [
    {
      "mode": "data",
      "type": "archive_file",
      "name": "init",
      "provider": "provider.archive",
      "instances": [
        {
          "schema_version": 0,
          "attributes": {
            "excludes": null,
            "id": "667e49c063d8b1b2d174cfff763d9d34c5091150",
            "output_base64sha256": "BgF0f39tfRDmyeiZy4Kg35EWGM5okT3BCte9jthJ2fw=",
            "output_md5": "8b92bc5792672395526cd547bee78348",
            "output_path": "data.zip",
            "output_sha": "667e49c063d8b1b2d174cfff763d9d34c5091150",
            "output_size": 256392,
            "source": [],
            "source_content": null,
            "source_content_filename": null,
            "source_dir": "./build/",
            "source_file": null,
            "type": "zip"
          }
        }
      ]
    },
    {
      "mode": "data",
      "type": "aws_route53_zone",
      "name": "thefamilycollective",
      "provider": "provider.aws",
      "instances": [
        {
          "schema_version": 0,
          "attributes": {
            "caller_reference": "RISWorkflow-RD:f73a2b79-92f2-4c56-9cac-b76fde06d94d",
            "comment": "HostedZone created by Route53 Registrar",
            "id": "Z6E4VV72X9QXS",
            "linked_service_description": null,
            "linked_service_principal": null,
            "name": "thefamilycollective.co.",
            "name_servers": [
              "ns-781.awsdns-33.net",
              "ns-1901.awsdns-45.co.uk",
              "ns-439.awsdns-54.com",
              "ns-1234.awsdns-26.org"
            ],
            "private_zone": false,
            "resource_record_set_count": 8,
            "tags": {},
            "vpc_id": null,
            "zone_id": "Z6E4VV72X9QXS"
          }
        }
      ]
    },
    {
      "mode": "managed",
      "type": "aws_acm_certificate",
      "name": "tfc-survey",
      "provider": "provider.aws",
      "instances": [
        {
          "schema_version": 0,
          "attributes": {
            "arn": "arn:aws:acm:us-east-1:946008981535:certificate/a03ebb83-ddd5-429b-b92a-e176e397f73a",
            "certificate_authority_arn": "",
            "certificate_body": null,
            "certificate_chain": null,
            "domain_name": "survey.thefamilycollective.co",
            "domain_validation_options": [
              {
                "domain_name": "survey.thefamilycollective.co",
                "resource_record_name": "_41441ae5651d2b79fd593e2981731eab.survey.thefamilycollective.co.",
                "resource_record_type": "CNAME",
                "resource_record_value": "_6da3a5dcbb5536e1c8864c06aa297bd7.nhqijqilxf.acm-validations.aws."
              }
            ],
            "id": "arn:aws:acm:us-east-1:946008981535:certificate/a03ebb83-ddd5-429b-b92a-e176e397f73a",
            "options": [
              {
                "certificate_transparency_logging_preference": "ENABLED"
              }
            ],
            "private_key": null,
            "subject_alternative_names": [],
            "tags": {},
            "validation_emails": [],
            "validation_method": "DNS"
          },
          "private": "bnVsbA=="
        }
      ]
    },
    {
      "mode": "managed",
      "type": "aws_acm_certificate_validation",
      "name": "default",
      "provider": "provider.aws",
      "instances": [
        {
          "schema_version": 0,
          "attributes": {
            "certificate_arn": "arn:aws:acm:us-east-1:946008981535:certificate/a03ebb83-ddd5-429b-b92a-e176e397f73a",
            "id": "2020-03-30 11:57:44 +0000 UTC",
            "timeouts": null,
            "validation_record_fqdns": [
              "_41441ae5651d2b79fd593e2981731eab.survey.thefamilycollective.co"
            ]
          },
          "private": "eyJlMmJmYjczMC1lY2FhLTExZTYtOGY4OC0zNDM2M2JjN2M0YzAiOnsiY3JlYXRlIjoyNzAwMDAwMDAwMDAwfX0=",
          "dependencies": [
            "aws_acm_certificate.tfc-survey",
            "aws_route53_record.tfc-survey-ssl-validation"
          ]
        }
      ]
    },
    {
      "mode": "managed",
      "type": "aws_cloudfront_distribution",
      "name": "tfc-survey",
      "provider": "provider.aws",
      "instances": [
        {
          "schema_version": 1,
          "attributes": {
            "active_trusted_signers": {
              "enabled": "false",
              "items.#": "0"
            },
            "aliases": [
              "survey.thefamilycollective.co"
            ],
            "arn": "arn:aws:cloudfront::946008981535:distribution/E29LGWJ8UMLO3P",
            "cache_behavior": [],
            "caller_reference": "terraform-20200330120449732100000001",
            "comment": null,
            "custom_error_response": [],
            "default_cache_behavior": [
              {
                "allowed_methods": [
                  "DELETE",
                  "GET",
                  "HEAD",
                  "OPTIONS",
                  "PATCH",
                  "POST",
                  "PUT"
                ],
                "cached_methods": [
                  "GET",
                  "HEAD",
                  "OPTIONS"
                ],
                "compress": true,
                "default_ttl": 86400,
                "field_level_encryption_id": "",
                "forwarded_values": [
                  {
                    "cookies": [
                      {
                        "forward": "all",
                        "whitelisted_names": []
                      }
                    ],
                    "headers": [],
                    "query_string": true,
                    "query_string_cache_keys": []
                  }
                ],
                "lambda_function_association": [],
                "max_ttl": 31536000,
                "min_ttl": 0,
                "smooth_streaming": false,
                "target_origin_id": "tfcSurveyId",
                "trusted_signers": [],
                "viewer_protocol_policy": "redirect-to-https"
              }
            ],
            "default_root_object": "index.html",
            "domain_name": "d15fvlt55e83w.cloudfront.net",
            "enabled": true,
            "etag": "E2DQW6J63COKWD",
            "hosted_zone_id": "Z2FDTNDATAQYW2",
            "http_version": "http2",
            "id": "E29LGWJ8UMLO3P",
            "in_progress_validation_batches": 0,
            "is_ipv6_enabled": false,
            "last_modified_time": "2020-03-30 13:06:09.505 +0000 UTC",
            "logging_config": [],
            "ordered_cache_behavior": [],
            "origin": [
              {
                "custom_header": [],
                "custom_origin_config": [],
                "domain_name": "tfc-user-survey-assets.s3.amazonaws.com",
                "origin_id": "tfcSurveyId",
                "origin_path": "",
                "s3_origin_config": []
              }
            ],
            "origin_group": [],
            "price_class": "PriceClass_All",
            "restrictions": [
              {
                "geo_restriction": [
                  {
                    "locations": [],
                    "restriction_type": "none"
                  }
                ]
              }
            ],
            "retain_on_delete": false,
            "status": "Deployed",
            "tags": {},
            "viewer_certificate": [
              {
                "acm_certificate_arn": "arn:aws:acm:us-east-1:946008981535:certificate/a03ebb83-ddd5-429b-b92a-e176e397f73a",
                "cloudfront_default_certificate": false,
                "iam_certificate_id": "",
                "minimum_protocol_version": "TLSv1",
                "ssl_support_method": "sni-only"
              }
            ],
            "wait_for_deployment": true,
            "web_acl_id": ""
          },
          "private": "eyJzY2hlbWFfdmVyc2lvbiI6IjEifQ==",
          "dependencies": [
            "aws_acm_certificate.tfc-survey",
            "aws_s3_bucket.tfc-survey"
          ]
        }
      ]
    },
    {
      "mode": "managed",
      "type": "aws_route53_record",
      "name": "tfc-survey",
      "provider": "provider.aws",
      "instances": [
        {
          "schema_version": 2,
          "attributes": {
            "alias": [],
            "allow_overwrite": null,
            "failover_routing_policy": [],
            "fqdn": "survey.thefamilycollective.co",
            "geolocation_routing_policy": [],
            "health_check_id": "",
            "id": "Z6E4VV72X9QXS_survey_CNAME",
            "latency_routing_policy": [],
            "multivalue_answer_routing_policy": null,
            "name": "survey",
            "records": [
              "d15fvlt55e83w.cloudfront.net"
            ],
            "set_identifier": "",
            "ttl": 60,
            "type": "CNAME",
            "weighted_routing_policy": [],
            "zone_id": "Z6E4VV72X9QXS"
          },
          "private": "eyJzY2hlbWFfdmVyc2lvbiI6IjIifQ==",
          "dependencies": [
            "aws_cloudfront_distribution.tfc-survey"
          ]
        }
      ]
    },
    {
      "mode": "managed",
      "type": "aws_route53_record",
      "name": "tfc-survey-ssl-validation",
      "provider": "provider.aws",
      "instances": [
        {
          "schema_version": 2,
          "attributes": {
            "alias": [],
            "allow_overwrite": null,
            "failover_routing_policy": [],
            "fqdn": "_41441ae5651d2b79fd593e2981731eab.survey.thefamilycollective.co",
            "geolocation_routing_policy": [],
            "health_check_id": "",
            "id": "Z6E4VV72X9QXS__41441ae5651d2b79fd593e2981731eab.survey.thefamilycollective.co._CNAME",
            "latency_routing_policy": [],
            "multivalue_answer_routing_policy": null,
            "name": "_41441ae5651d2b79fd593e2981731eab.survey.thefamilycollective.co",
            "records": [
              "_6da3a5dcbb5536e1c8864c06aa297bd7.nhqijqilxf.acm-validations.aws."
            ],
            "set_identifier": "",
            "ttl": 60,
            "type": "CNAME",
            "weighted_routing_policy": [],
            "zone_id": "Z6E4VV72X9QXS"
          },
          "private": "eyJzY2hlbWFfdmVyc2lvbiI6IjIifQ==",
          "dependencies": [
            "aws_acm_certificate.tfc-survey"
          ]
        }
      ]
    },
    {
      "mode": "managed",
      "type": "aws_s3_bucket",
      "name": "tfc-survey",
      "provider": "provider.aws",
      "instances": [
        {
          "schema_version": 0,
          "attributes": {
            "acceleration_status": "",
            "acl": "public-read",
            "arn": "arn:aws:s3:::tfc-user-survey-assets",
            "bucket": "tfc-user-survey-assets",
            "bucket_domain_name": "tfc-user-survey-assets.s3.amazonaws.com",
            "bucket_prefix": null,
            "bucket_regional_domain_name": "tfc-user-survey-assets.s3.amazonaws.com",
            "cors_rule": [
              {
                "allowed_headers": [
                  "*"
                ],
                "allowed_methods": [
                  "GET",
                  "POST"
                ],
                "allowed_origins": [
                  "*"
                ],
                "expose_headers": [],
                "max_age_seconds": 3000
              }
            ],
            "force_destroy": false,
            "grant": [],
            "hosted_zone_id": "Z3AQBSTGFYJSTF",
            "id": "tfc-user-survey-assets",
            "lifecycle_rule": [],
            "logging": [],
            "object_lock_configuration": [],
            "policy": null,
            "region": "us-east-1",
            "replication_configuration": [],
            "request_payer": "BucketOwner",
            "server_side_encryption_configuration": [],
            "tags": {},
            "versioning": [
              {
                "enabled": false,
                "mfa_delete": false
              }
            ],
            "website": [
              {
                "error_document": "index.html",
                "index_document": "index.html",
                "redirect_all_requests_to": "",
                "routing_rules": ""
              }
            ],
            "website_domain": "s3-website-us-east-1.amazonaws.com",
            "website_endpoint": "tfc-user-survey-assets.s3-website-us-east-1.amazonaws.com"
          },
          "private": "bnVsbA=="
        }
      ]
    },
    {
      "mode": "managed",
      "type": "null_resource",
      "name": "remove_and_upload_to_s3",
      "provider": "provider.null",
      "instances": [
        {
          "schema_version": 0,
          "attributes": {
            "id": "7750811389091417482",
            "triggers": {
              "shaContents": "667e49c063d8b1b2d174cfff763d9d34c5091150"
            }
          },
          "dependencies": [
            "aws_s3_bucket.tfc-survey"
          ]
        }
      ]
    }
  ]
}
